Microsoft Visual Studio Solution File, Format Version 12.00
# Visual Studio Version 17
VisualStudioVersion = 17.5.2.0
MinimumVisualStudioVersion = 10.0.40219.1
Project("{FAE04EC0-301F-11D3-BF4B-00C04F79EFBC}") = "Glossaire.Api", "Glossaire.Api\Glossaire.Api.csproj", "{4ED44FD8-55E5-D523-3B3E-9F28942BC77E}"
EndProject
Global
	GlobalSection(SolutionConfigurationPlatforms) = preSolution
		Debug|Any CPU = Debug|Any CPU
		Release|Any CPU = Release|Any CPU
	EndGlobalSection
	GlobalSection(ProjectConfigurationPlatforms) = postSolution
		{4ED44FD8-55E5-D523-3B3E-9F28942BC77E}.Debug|Any CPU.ActiveCfg = Debug|Any CPU
		{4ED44FD8-55E5-D523-3B3E-9F28942BC77E}.Debug|Any CPU.Build.0 = Debug|Any CPU
		{4ED44FD8-55E5-D523-3B3E-9F28942BC77E}.Release|Any CPU.ActiveCfg = Release|Any CPU
		{4ED44FD8-55E5-D523-3B3E-9F28942BC77E}.Release|Any CPU.Build.0 = Release|Any CPU
	EndGlobalSection
	GlobalSection(SolutionProperties) = preSolution
		HideSolutionNode = FALSE
	EndGlobalSection
	GlobalSection(ExtensibilityGlobals) = postSolution
		SolutionGuid = {F2E26B5A-B66E-4665-96FB-4DE37D441A1D}
	EndGlobalSection
EndGlobal
